
Microsoft Visual Studio Solution File, Format Version 12.00
# Visual Studio 15
VisualStudioVersion = 15.0.27130.2010
MinimumVisualStudioVersion = 10.0.40219.1
Project("{FAE04EC0-301F-11D3-BF4B-00C04F79EFBC}") = "ZycieConsola", "ZycieConsola\ZycieConsola.csproj", "{10836738-5CEF-4719-8EE2-CF3052F77799}"
EndProject
Project("{FAE04EC0-301F-11D3-BF4B-00C04F79EFBC}") = "Zycie", "Zycie\Zycie\Zycie.csproj", "{38BE6598-01A7-4268-92E5-7D7AF243C2C0}"
EndProject
Project("{FAE04EC0-301F-11D3-BF4B-00C04F79EFBC}") = "SqlSerialization", "SqlSerialization\SqlSerialization.csproj", "{6B7B97B8-1FE5-4A74-A08C-901EF91A8984}"
EndProject
Project("{FAE04EC0-301F-11D3-BF4B-00C04F79EFBC}") = "Interfejsy", "Interfejsy\Interfejsy.csproj", "{9D6A9EEA-FCC9-4CDD-8AB9-8295AAD42B82}"
EndProject
Project("{FAE04EC0-301F-11D3-BF4B-00C04F79EFBC}") = "Model", "Model\Model.csproj", "{83AD7CDB-CC34-4496-9F0C-FEE252630236}"
EndProject
Project("{FAE04EC0-301F-11D3-BF4B-00C04F79EFBC}") = "Context", "Context\Context.csproj", "{977B2B1C-BA3E-4108-9CCE-CFD9EAA20115}"
EndProject
Project("{FAE04EC0-301F-11D3-BF4B-00C04F79EFBC}") = "SQLDeserialization", "SQLDeserialization\SQLDeserialization.csproj", "{3BE3F8CD-CE60-458D-99C8-C223FE23ABBC}"
EndProject
Project("{FAE04EC0-301F-11D3-BF4B-00C04F79EFBC}") = "JsonSerialization", "JsonSerialization\JsonSerialization.csproj", "{0C240140-C2BF-4689-8ECA-BD9C33E33AAA}"
EndProject
Project("{FAE04EC0-301F-11D3-BF4B-00C04F79EFBC}") = "JsonDeserialization", "JsonDeserialization\JsonDeserialization.csproj", "{3135A4A4-E7CB-446E-9B87-511F219599F9}"
EndProject
Global
	GlobalSection(SolutionConfigurationPlatforms) = preSolution
		Debug|Any CPU = Debug|Any CPU
		Release|Any CPU = Release|Any CPU
	EndGlobalSection
	GlobalSection(ProjectConfigurationPlatforms) = postSolution
		{10836738-5CEF-4719-8EE2-CF3052F77799}.Debug|Any CPU.ActiveCfg = Debug|Any CPU
		{10836738-5CEF-4719-8EE2-CF3052F77799}.Debug|Any CPU.Build.0 = Debug|Any CPU
		{10836738-5CEF-4719-8EE2-CF3052F77799}.Release|Any CPU.ActiveCfg = Release|Any CPU
		{10836738-5CEF-4719-8EE2-CF3052F77799}.Release|Any CPU.Build.0 = Release|Any CPU
		{38BE6598-01A7-4268-92E5-7D7AF243C2C0}.Debug|Any CPU.ActiveCfg = Debug|Any CPU
		{38BE6598-01A7-4268-92E5-7D7AF243C2C0}.Debug|Any CPU.Build.0 = Debug|Any CPU
		{38BE6598-01A7-4268-92E5-7D7AF243C2C0}.Release|Any CPU.ActiveCfg = Release|Any CPU
		{38BE6598-01A7-4268-92E5-7D7AF243C2C0}.Release|Any CPU.Build.0 = Release|Any CPU
		{6B7B97B8-1FE5-4A74-A08C-901EF91A8984}.Debug|Any CPU.ActiveCfg = Debug|Any CPU
		{6B7B97B8-1FE5-4A74-A08C-901EF91A8984}.Debug|Any CPU.Build.0 = Debug|Any CPU
		{6B7B97B8-1FE5-4A74-A08C-901EF91A8984}.Release|Any CPU.ActiveCfg = Release|Any CPU
		{6B7B97B8-1FE5-4A74-A08C-901EF91A8984}.Release|Any CPU.Build.0 = Release|Any CPU
		{9D6A9EEA-FCC9-4CDD-8AB9-8295AAD42B82}.Debug|Any CPU.ActiveCfg = Debug|Any CPU
		{9D6A9EEA-FCC9-4CDD-8AB9-8295AAD42B82}.Debug|Any CPU.Build.0 = Debug|Any CPU
		{9D6A9EEA-FCC9-4CDD-8AB9-8295AAD42B82}.Release|Any CPU.ActiveCfg = Release|Any CPU
		{9D6A9EEA-FCC9-4CDD-8AB9-8295AAD42B82}.Release|Any CPU.Build.0 = Release|Any CPU
		{83AD7CDB-CC34-4496-9F0C-FEE252630236}.Debug|Any CPU.ActiveCfg = Debug|Any CPU
		{83AD7CDB-CC34-4496-9F0C-FEE252630236}.Debug|Any CPU.Build.0 = Debug|Any CPU
		{83AD7CDB-CC34-4496-9F0C-FEE252630236}.Release|Any CPU.ActiveCfg = Release|Any CPU
		{83AD7CDB-CC34-4496-9F0C-FEE252630236}.Release|Any CPU.Build.0 = Release|Any CPU
		{977B2B1C-BA3E-4108-9CCE-CFD9EAA20115}.Debug|Any CPU.ActiveCfg = Debug|Any CPU
		{977B2B1C-BA3E-4108-9CCE-CFD9EAA20115}.Debug|Any CPU.Build.0 = Debug|Any CPU
		{977B2B1C-BA3E-4108-9CCE-CFD9EAA20115}.Release|Any CPU.ActiveCfg = Release|Any CPU
		{977B2B1C-BA3E-4108-9CCE-CFD9EAA20115}.Release|Any CPU.Build.0 = Release|Any CPU
		{3BE3F8CD-CE60-458D-99C8-C223FE23ABBC}.Debug|Any CPU.ActiveCfg = Debug|Any CPU
		{3BE3F8CD-CE60-458D-99C8-C223FE23ABBC}.Debug|Any CPU.Build.0 = Debug|Any CPU
		{3BE3F8CD-CE60-458D-99C8-C223FE23ABBC}.Release|Any CPU.ActiveCfg = Release|Any CPU
		{3BE3F8CD-CE60-458D-99C8-C223FE23ABBC}.Release|Any CPU.Build.0 = Release|Any CPU
		{0C240140-C2BF-4689-8ECA-BD9C33E33AAA}.Debug|Any CPU.ActiveCfg = Debug|Any CPU
		{0C240140-C2BF-4689-8ECA-BD9C33E33AAA}.Debug|Any CPU.Build.0 = Debug|Any CPU
		{0C240140-C2BF-4689-8ECA-BD9C33E33AAA}.Release|Any CPU.ActiveCfg = Release|Any CPU
		{0C240140-C2BF-4689-8ECA-BD9C33E33AAA}.Release|Any CPU.Build.0 = Release|Any CPU
		{3135A4A4-E7CB-446E-9B87-511F219599F9}.Debug|Any CPU.ActiveCfg = Debug|Any CPU
		{3135A4A4-E7CB-446E-9B87-511F219599F9}.Debug|Any CPU.Build.0 = Debug|Any CPU
		{3135A4A4-E7CB-446E-9B87-511F219599F9}.Release|Any CPU.ActiveCfg = Release|Any CPU
		{3135A4A4-E7CB-446E-9B87-511F219599F9}.Release|Any CPU.Build.0 = Release|Any CPU
	EndGlobalSection
	GlobalSection(SolutionProperties) = preSolution
		HideSolutionNode = FALSE
	EndGlobalSection
	GlobalSection(ExtensibilityGlobals) = postSolution
		SolutionGuid = {67EC1293-5664-4A67-95F8-5D548331EB9F}
	EndGlobalSection
EndGlobal
