
Microsoft Visual Studio Solution File, Format Version 12.00
# Visual Studio 15
VisualStudioVersion = 15.0.27004.2010
MinimumVisualStudioVersion = 10.0.40219.1
Project("{FAE04EC0-301F-11D3-BF4B-00C04F79EFBC}") = "Zycie", "Zycie\Zycie.csproj", "{38BE6598-01A7-4268-92E5-7D7AF243C2C0}"
EndProject
Global
	GlobalSection(SolutionConfigurationPlatforms) = preSolution
		Debug|Any CPU = Debug|Any CPU
		Release|Any CPU = Release|Any CPU
	EndGlobalSection
	GlobalSection(ProjectConfigurationPlatforms) = postSolution
		{38BE6598-01A7-4268-92E5-7D7AF243C2C0}.Debug|Any CPU.ActiveCfg = Debug|Any CPU
		{38BE6598-01A7-4268-92E5-7D7AF243C2C0}.Debug|Any CPU.Build.0 = Debug|Any CPU
		{38BE6598-01A7-4268-92E5-7D7AF243C2C0}.Release|Any CPU.ActiveCfg = Release|Any CPU
		{38BE6598-01A7-4268-92E5-7D7AF243C2C0}.Release|Any CPU.Build.0 = Release|Any CPU
	EndGlobalSection
	GlobalSection(SolutionProperties) = preSolution
		HideSolutionNode = FALSE
	EndGlobalSection
	GlobalSection(ExtensibilityGlobals) = postSolution
		SolutionGuid = {401DBEBC-B75A-4260-9804-C216F598EBE0}
	EndGlobalSection
EndGlobal
